
Microsoft Visual Studio Solution File, Format Version 12.00
# Visual Studio Version 17
VisualStudioVersion = 17.13.35825.156 d17.13
MinimumVisualStudioVersion = 10.0.40219.1
Project("{FAE04EC0-301F-11D3-BF4B-00C04F79EFBC}") = "Coding-Tracker.Jasmine330", "Coding-Tracker.Jasmine330\Coding-Tracker.Jasmine330.csproj", "{B979FBF6-5878-416E-9319-156DC57C2897}"
EndProject
Global
	GlobalSection(SolutionConfigurationPlatforms) = preSolution
		Debug|Any CPU = Debug|Any CPU
		Release|Any CPU = Release|Any CPU
	EndGlobalSection
	GlobalSection(ProjectConfigurationPlatforms) = postSolution
		{B979FBF6-5878-416E-9319-156DC57C2897}.Debug|Any CPU.ActiveCfg = Debug|Any CPU
		{B979FBF6-5878-416E-9319-156DC57C2897}.Debug|Any CPU.Build.0 = Debug|Any CPU
		{B979FBF6-5878-416E-9319-156DC57C2897}.Release|Any CPU.ActiveCfg = Release|Any CPU
		{B979FBF6-5878-416E-9319-156DC57C2897}.Release|Any CPU.Build.0 = Release|Any CPU
	EndGlobalSection
	GlobalSection(SolutionProperties) = preSolution
		HideSolutionNode = FALSE
	EndGlobalSection
	GlobalSection(ExtensibilityGlobals) = postSolution
		SolutionGuid = {7CAE407E-982F-4037-8E40-8F6EF0A55119}
	EndGlobalSection
EndGlobal
